
Microsoft Visual Studio Solution File, Format Version 12.00
# Visual Studio Version 17
VisualStudioVersion = 17.11.35303.130
MinimumVisualStudioVersion = 10.0.40219.1
Project("{888888A0-9F3D-457C-B088-3A5042F75D52}") = "sma1_2", "sma1_2.pyproj", "{FEC78FDD-D1BB-4331-B7E9-9EE755CE4216}"
EndProject
Global
	GlobalSection(SolutionConfigurationPlatforms) = preSolution
		Debug|Any CPU = Debug|Any CPU
		Release|Any CPU = Release|Any CPU
	EndGlobalSection
	GlobalSection(ProjectConfigurationPlatforms) = postSolution
		{FEC78FDD-D1BB-4331-B7E9-9EE755CE4216}.Debug|Any CPU.ActiveCfg = Debug|Any CPU
		{FEC78FDD-D1BB-4331-B7E9-9EE755CE4216}.Release|Any CPU.ActiveCfg = Release|Any CPU
	EndGlobalSection
	GlobalSection(SolutionProperties) = preSolution
		HideSolutionNode = FALSE
	EndGlobalSection
	GlobalSection(ExtensibilityGlobals) = postSolution
		SolutionGuid = {7BC8FFC8-4780-498D-B3B6-7EB8110D5F29}
	EndGlobalSection
EndGlobal
